
Microsoft Visual Studio Solution File, Format Version 12.00
# Visual Studio Version 16
VisualStudioVersion = 16.0.31019.35
MinimumVisualStudioVersion = 10.0.40219.1
Project("{9A19103F-16F7-4668-BE54-9A1E7A4F7556}") = "CheckerPrice.ConsoleApp", "CheckerPrice\CheckerPrice.ConsoleApp.csproj", "{C47F5D90-FBF6-4EF2-A3F3-48194BC20E04}"
EndProject
Project("{9A19103F-16F7-4668-BE54-9A1E7A4F7556}") = "CheckerPrice.Services", "CheckerPrice.Services\CheckerPrice.Services.csproj", "{480FF07D-F518-4D13-B0DB-F15CA11065C4}"
EndProject
Project("{FAE04EC0-301F-11D3-BF4B-00C04F79EFBC}") = "CheckerPrice.WebApp", "CheckerPrice.WebApp\CheckerPrice.WebApp.csproj", "{FCF39AB7-8B16-440D-BC3F-855205FC80E9}"
EndProject
Global
	GlobalSection(SolutionConfigurationPlatforms) = preSolution
		Debug|Any CPU = Debug|Any CPU
		Release|Any CPU = Release|Any CPU
	EndGlobalSection
	GlobalSection(ProjectConfigurationPlatforms) = postSolution
		{C47F5D90-FBF6-4EF2-A3F3-48194BC20E04}.Debug|Any CPU.ActiveCfg = Debug|Any CPU
		{C47F5D90-FBF6-4EF2-A3F3-48194BC20E04}.Debug|Any CPU.Build.0 = Debug|Any CPU
		{C47F5D90-FBF6-4EF2-A3F3-48194BC20E04}.Release|Any CPU.ActiveCfg = Release|Any CPU
		{C47F5D90-FBF6-4EF2-A3F3-48194BC20E04}.Release|Any CPU.Build.0 = Release|Any CPU
		{480FF07D-F518-4D13-B0DB-F15CA11065C4}.Debug|Any CPU.ActiveCfg = Debug|Any CPU
		{480FF07D-F518-4D13-B0DB-F15CA11065C4}.Debug|Any CPU.Build.0 = Debug|Any CPU
		{480FF07D-F518-4D13-B0DB-F15CA11065C4}.Release|Any CPU.ActiveCfg = Release|Any CPU
		{480FF07D-F518-4D13-B0DB-F15CA11065C4}.Release|Any CPU.Build.0 = Release|Any CPU
		{FCF39AB7-8B16-440D-BC3F-855205FC80E9}.Debug|Any CPU.ActiveCfg = Debug|Any CPU
		{FCF39AB7-8B16-440D-BC3F-855205FC80E9}.Debug|Any CPU.Build.0 = Debug|Any CPU
		{FCF39AB7-8B16-440D-BC3F-855205FC80E9}.Release|Any CPU.ActiveCfg = Release|Any CPU
		{FCF39AB7-8B16-440D-BC3F-855205FC80E9}.Release|Any CPU.Build.0 = Release|Any CPU
	EndGlobalSection
	GlobalSection(SolutionProperties) = preSolution
		HideSolutionNode = FALSE
	EndGlobalSection
	GlobalSection(ExtensibilityGlobals) = postSolution
		SolutionGuid = {0642CCE9-2803-4424-BAC3-8F28D1CC2A7B}
	EndGlobalSection
EndGlobal
